{
  "sources": {
    "apache2": {
      "locked_version": "1.10.2"
    },
    "application": {
      "locked_version": "4.1.4"
    },
    "application_php": {
      "locked_version": "2.0.0"
    },
    "composer": {
      "locked_version": "0.2.1",
      "git": "https://github.com/Morphodo/chef-composer.git",
      "ref": "27cb886029fc28e08ca80ab0b15408b412bb09b7"
    },
    "database": {
      "locked_version": "2.1.6"
    },
    "jenkins": {
      "locked_version": "2.0.2"
    },
    "mysql": {
      "locked_version": "5.1.8"
    },
    "nginx": {
      "locked_version": "2.6.2"
    },
    "node": {
      "locked_version": "1.1.0"
    },
    "nodejs": {
      "locked_version": "1.3.0"
    },
    "php": {
      "locked_version": "1.4.6"
    },
    "postgresql": {
      "locked_version": "3.3.4"
    },
    "boilerplate": {
      "locked_version": "0.3.0",
      "git": "https://github.com/topaz2/chef_boilerplate.git",
      "ref": "5a667ce646d061434b2713e4294744401f436666"
    },
    "boilerplate_php": {
      "locked_version": "0.2.2",
      "git": "https://github.com/topaz2/chef_boilerplate_php.git",
      "ref": "b70d6ff669657da5025b28323b0ca4f48a63c791"
    },
    "netcommons": {
      "path": "./tools/chef/site-cookbooks/netcommons"
    },
    "iptables": {
      "locked_version": "0.13.2"
    },
    "logrotate": {
      "locked_version": "1.5.0"
    },
    "pacman": {
      "locked_version": "1.1.1"
    },
    "aws": {
      "locked_version": "2.1.1"
    },
    "xfs": {
      "locked_version": "1.1.0"
    },
    "mysql-chef_gem": {
      "locked_version": "0.0.2"
    },
    "build-essential": {
      "locked_version": "2.0.0"
    },
    "apt": {
      "locked_version": "2.3.8"
    },
    "runit": {
      "locked_version": "1.5.10"
    },
    "yum": {
      "locked_version": "3.2.0"
    },
    "yum-epel": {
      "locked_version": "0.3.6"
    },
    "bluepill": {
      "locked_version": "2.3.1"
    },
    "rsyslog": {
      "locked_version": "1.12.2"
    },
    "ohai": {
      "locked_version": "1.1.12"
    },
    "git": {
      "locked_version": "4.0.0"
    },
    "dmg": {
      "locked_version": "2.2.0"
    },
    "windows": {
      "locked_version": "1.30.2"
    },
    "chef_handler": {
      "locked_version": "1.1.6"
    },
    "xml": {
      "locked_version": "1.2.4"
    },
    "iis": {
      "locked_version": "2.1.0"
    },
    "openssl": {
      "locked_version": "1.1.0"
    },
    "apt-repo": {
      "locked_version": "0.1.1"
    },
    "ruby": {
      "locked_version": "0.9.2"
    },
    "gitlab": {
      "locked_version": "6.4.6"
    },
    "zlib": {
      "locked_version": "2.0.0"
    },
    "readline": {
      "locked_version": "0.0.4"
    },
    "ncurses": {
      "locked_version": "0.0.3"
    },
    "openssh": {
      "locked_version": "1.3.2"
    },
    "redisio": {
      "locked_version": "1.7.1"
    },
    "ulimit": {
      "locked_version": "0.3.2"
    },
    "ruby_build": {
      "locked_version": "0.8.0"
    },
    "certificate": {
      "locked_version": "0.5.0"
    },
    "python": {
      "locked_version": "1.4.6"
    }
  }
}
