DEPENDENCIES
  composer
    git: https://github.com/Morphodo/chef-composer.git
    revision: 27cb886029fc28e08ca80ab0b15408b412bb09b7
  netcommons
    git: https://github.com/NetCommons3/chef_netcommons.git
    revision: 9fc9a4849213cf304f955cd616bdc79a5223be18
  php
    git: https://github.com/trinitronx/php.git
    revision: 6fc40c007d7c4b73a1859283459ca4f7fa1c1513
    branch: COOK-4439-add-php-5.5.9-support-on-ubuntu-12.04

GRAPH
  7-zip (1.0.2)
    windows (>= 1.2.2)
  apache2 (2.0.0)
    iptables (>= 0.0.0)
    logrotate (>= 0.0.0)
    pacman (>= 0.0.0)
  application (4.1.4)
  apt (2.4.0)
  apt-repo (0.1.1)
  ark (0.9.0)
    7-zip (>= 0.0.0)
    windows (>= 0.0.0)
  aws (2.4.0)
  bluepill (2.3.1)
    rsyslog (>= 0.0.0)
  boilerplate (0.4.10)
    apache2 (>= 0.0.0)
    apt-repo (>= 0.0.0)
    chef-server (>= 0.0.0)
    database (>= 0.0.0)
    gitlab (>= 0.0.0)
    jenkins (>= 0.0.0)
    mysql (>= 0.0.0)
    nodejs (>= 0.0.0)
    phantomjs (>= 0.0.0)
    python (>= 0.0.0)
    ruby (>= 0.0.0)
  boilerplate_php (0.4.3)
    apache2 (>= 0.0.0)
    application (>= 0.0.0)
    boilerplate (>= 0.0.0)
    composer (>= 0.0.0)
    dotdeb_repo (>= 0.0.0)
    hhvm (>= 0.0.0)
    jenkins (>= 0.0.0)
    php (>= 0.0.0)
    python (>= 0.0.0)
  build-essential (2.0.6)
  certificate (0.6.0)
  chef-server (2.1.6)
  chef-sugar (2.0.0)
  chef_handler (1.1.6)
  chocolatey (0.1.0)
    powershell (>= 0.0.0)
  composer (0.2.1)
  database (2.2.0)
    aws (>= 0.0.0)
    mysql (>= 5.0.0)
    mysql-chef_gem (>= 0.0.0)
    postgresql (>= 1.0.0)
    xfs (>= 0.0.0)
  dmg (2.2.0)
  dotdeb_repo (1.1.0)
    apt (>= 0.0.0)
  git (4.0.2)
    build-essential (>= 0.0.0)
    dmg (>= 0.0.0)
    runit (>= 1.0.0)
    windows (>= 0.0.0)
    yum (~> 3.0)
    yum-epel (>= 0.0.0)
  gitlab (6.9.0)
    apt (>= 0.0.0)
    build-essential (>= 0.0.0)
    certificate (>= 0.0.0)
    database (>= 0.0.0)
    git (>= 0.0.0)
    logrotate (>= 0.0.0)
    mysql (>= 0.0.0)
    ncurses (>= 0.0.0)
    nginx (>= 0.0.0)
    openssh (>= 0.0.0)
    postgresql (>= 0.0.0)
    readline (>= 0.0.0)
    redisio (>= 0.0.0)
    ruby_build (>= 0.0.0)
    xml (>= 0.0.0)
    yum-epel (>= 0.0.0)
    zlib (>= 0.0.0)
  hhvm (0.4.0)
    apt (>= 0.0.0)
    yum (>= 0.0.0)
  iis (2.1.2)
    windows (>= 1.2.6)
  iptables (0.13.2)
  jenkins (2.1.2)
    apt (~> 2.0)
    runit (~> 1.5)
    yum (~> 3.0)
  logrotate (1.6.0)
  ms_dotnet2 (1.0.0)
    windows (>= 0.0.0)
  ms_dotnet4 (1.0.2)
    windows (>= 0.0.0)
  ms_dotnet45 (1.1.2)
    windows (>= 0.0.0)
  mysql (5.3.6)
    yum-mysql-community (>= 0.0.0)
  mysql-chef_gem (0.0.2)
    build-essential (>= 0.0.0)
    mysql (>= 0.0.0)
  ncurses (0.0.3)
  netcommons (0.1.0)
    boilerplate_php (>= 0.0.0)
  nginx (2.7.4)
    apt (~> 2.2)
    bluepill (~> 2.3)
    build-essential (~> 2.0)
    ohai (~> 2.0)
    runit (~> 1.2)
    yum-epel (~> 0.3)
  nodejs (2.0.0)
    apt (>= 0.0.0)
    ark (>= 0.0.0)
    build-essential (>= 0.0.0)
    yum-epel (>= 0.0.0)
  ohai (2.0.1)
  openssh (1.3.4)
    iptables (>= 0.0.0)
  openssl (2.0.0)
    chef-sugar (>= 0.0.0)
  pacman (1.1.1)
  phantomjs (1.0.3)
    build-essential (>= 0.0.0)
    chocolatey (>= 0.0.0)
  php (1.4.0)
    apt (>= 0.0.0)
    build-essential (>= 0.0.0)
    iis (>= 0.0.0)
    mysql (>= 0.0.0)
    windows (>= 0.0.0)
    xml (>= 0.0.0)
    yum-epel (>= 0.0.0)
  postgresql (3.4.1)
    apt (>= 1.9.0)
    build-essential (>= 0.0.0)
    openssl (>= 0.0.0)
  powershell (3.0.7)
    ms_dotnet2 (>= 0.0.0)
    ms_dotnet4 (>= 0.0.0)
    ms_dotnet45 (>= 0.0.0)
    windows (>= 1.2.8)
  python (1.4.6)
    build-essential (>= 0.0.0)
    yum-epel (>= 0.0.0)
  readline (0.0.4)
  redisio (1.7.1)
    ulimit (>= 0.1.2)
  rsyslog (1.12.2)
  ruby (0.9.2)
  ruby_build (0.8.0)
  runit (1.5.10)
    build-essential (>= 0.0.0)
    yum (~> 3.0)
    yum-epel (>= 0.0.0)
  ulimit (0.3.2)
  windows (1.34.0)
    chef_handler (>= 0.0.0)
  xfs (1.1.0)
  xml (1.2.6)
    build-essential (>= 0.0.0)
    chef-sugar (>= 0.0.0)
  yum (3.2.2)
  yum-epel (0.4.0)
    yum (~> 3.0)
  yum-mysql-community (0.1.10)
    yum (>= 3.0)
  zlib (2.0.0)
